
Microsoft Visual Studio Solution File, Format Version 12.00
# Visual Studio Version 17
VisualStudioVersion = 17.0.31919.166
MinimumVisualStudioVersion = 10.0.40219.1
Project("{FAE04EC0-301F-11D3-BF4B-00C04F79EFBC}") = "DelegatesAndGenericMethods", "DelegatesAndGenericMethods.csproj", "{18498424-4873-4C2F-8E4E-475FED894EE7}"
EndProject
Project("{FAE04EC0-301F-11D3-BF4B-00C04F79EFBC}") = "DelegateWithLambda", "..\DelegateWithLambda\DelegateWithLambda.csproj", "{7FB634E3-D0DB-4BA0-9E80-53CC9AEF57A8}"
EndProject
Global
	GlobalSection(SolutionConfigurationPlatforms) = preSolution
		Debug|Any CPU = Debug|Any CPU
		Release|Any CPU = Release|Any CPU
	EndGlobalSection
	GlobalSection(ProjectConfigurationPlatforms) = postSolution
		{18498424-4873-4C2F-8E4E-475FED894EE7}.Debug|Any CPU.ActiveCfg = Debug|Any CPU
		{18498424-4873-4C2F-8E4E-475FED894EE7}.Debug|Any CPU.Build.0 = Debug|Any CPU
		{18498424-4873-4C2F-8E4E-475FED894EE7}.Release|Any CPU.ActiveCfg = Release|Any CPU
		{18498424-4873-4C2F-8E4E-475FED894EE7}.Release|Any CPU.Build.0 = Release|Any CPU
		{7FB634E3-D0DB-4BA0-9E80-53CC9AEF57A8}.Debug|Any CPU.ActiveCfg = Debug|Any CPU
		{7FB634E3-D0DB-4BA0-9E80-53CC9AEF57A8}.Debug|Any CPU.Build.0 = Debug|Any CPU
		{7FB634E3-D0DB-4BA0-9E80-53CC9AEF57A8}.Release|Any CPU.ActiveCfg = Release|Any CPU
		{7FB634E3-D0DB-4BA0-9E80-53CC9AEF57A8}.Release|Any CPU.Build.0 = Release|Any CPU
	EndGlobalSection
	GlobalSection(SolutionProperties) = preSolution
		HideSolutionNode = FALSE
	EndGlobalSection
	GlobalSection(ExtensibilityGlobals) = postSolution
		SolutionGuid = {24794E10-72E8-410C-BC61-3000C857FEF7}
	EndGlobalSection
EndGlobal
