
Microsoft Visual Studio Solution File, Format Version 12.00
# Visual Studio Version 17
VisualStudioVersion = 17.0.31919.166
MinimumVisualStudioVersion = 10.0.40219.1
Project("{9A19103F-16F7-4668-BE54-9A1E7A4F7556}") = "2", "2.csproj", "{DC004EAE-F3F8-4E35-B03E-664E5C237F98}"
EndProject
Global
	GlobalSection(SolutionConfigurationPlatforms) = preSolution
		Debug|Any CPU = Debug|Any CPU
		Release|Any CPU = Release|Any CPU
	EndGlobalSection
	GlobalSection(ProjectConfigurationPlatforms) = postSolution
		{DC004EAE-F3F8-4E35-B03E-664E5C237F98}.Debug|Any CPU.ActiveCfg = Debug|Any CPU
		{DC004EAE-F3F8-4E35-B03E-664E5C237F98}.Debug|Any CPU.Build.0 = Debug|Any CPU
		{DC004EAE-F3F8-4E35-B03E-664E5C237F98}.Release|Any CPU.ActiveCfg = Release|Any CPU
		{DC004EAE-F3F8-4E35-B03E-664E5C237F98}.Release|Any CPU.Build.0 = Release|Any CPU
	EndGlobalSection
	GlobalSection(SolutionProperties) = preSolution
		HideSolutionNode = FALSE
	EndGlobalSection
	GlobalSection(ExtensibilityGlobals) = postSolution
		SolutionGuid = {FA1DF20D-6FF4-45AD-AAA6-020210154E3D}
	EndGlobalSection
EndGlobal
